
Microsoft Visual Studio Solution File, Format Version 12.00
# Visual Studio 15
VisualStudioVersion = 15.0.26403.3
MinimumVisualStudioVersion = 10.0.40219.1
Project("{FAE04EC0-301F-11D3-BF4B-00C04F79EFBC}") = "CNTKRefresh", "CNTKRefresh\CNTKRefresh.csproj", "{DB46DD06-692A-4346-9137-37FC6F055C89}"
EndProject
Global
	GlobalSection(SolutionConfigurationPlatforms) = preSolution
		Debug|Any CPU = Debug|Any CPU
		Debug|x64 = Debug|x64
		Release|Any CPU = Release|Any CPU
		Release|x64 = Release|x64
	EndGlobalSection
	GlobalSection(ProjectConfigurationPlatforms) = postSolution
		{DB46DD06-692A-4346-9137-37FC6F055C89}.Debug|Any CPU.ActiveCfg = Debug|Any CPU
		{DB46DD06-692A-4346-9137-37FC6F055C89}.Debug|Any CPU.Build.0 = Debug|Any CPU
		{DB46DD06-692A-4346-9137-37FC6F055C89}.Debug|x64.ActiveCfg = Debug|x64
		{DB46DD06-692A-4346-9137-37FC6F055C89}.Debug|x64.Build.0 = Debug|x64
		{DB46DD06-692A-4346-9137-37FC6F055C89}.Release|Any CPU.ActiveCfg = Release|Any CPU
		{DB46DD06-692A-4346-9137-37FC6F055C89}.Release|Any CPU.Build.0 = Release|Any CPU
		{DB46DD06-692A-4346-9137-37FC6F055C89}.Release|x64.ActiveCfg = Release|x64
		{DB46DD06-692A-4346-9137-37FC6F055C89}.Release|x64.Build.0 = Release|x64
	EndGlobalSection
	GlobalSection(SolutionProperties) = preSolution
		HideSolutionNode = FALSE
	EndGlobalSection
EndGlobal
